<Solution>
  <Folder Name="/Tests/">
    <Project Path="Tests/Pure.Diagram.RichRelationalModel.HashCodes.Tests/Pure.Diagram.RichRelationalModel.HashCodes.Tests.csproj" />
  </Folder>
  <Project Path="Pure.Diagram.RichRelationalModel.HashCodes/Pure.Diagram.RichRelationalModel.HashCodes.csproj" />
</Solution>
